PODS:
  - CryptoSwift (1.8.4)
  - MarqueeLabel (4.3.2)
  - NotificationBannerSwift (3.2.1):
    - MarqueeLabel (~> 4.3.0)
    - SnapKit (~> 5.6.0)
  - SnapKit (5.6.0)

DEPENDENCIES:
  - CryptoSwift
  - NotificationBannerSwift
  - SnapKit

SPEC REPOS:
  trunk:
    - CryptoSwift
    - MarqueeLabel
    - NotificationBannerSwift
    - SnapKit

SPEC CHECKSUMS:
  CryptoSwift: e64e11850ede528a02a0f3e768cec8e9d92ecb90
  MarqueeLabel: 15e524a6762552bb279cb17438b8a94990269fb9
  NotificationBannerSwift: dce54ded532b26e30cd8e7f4d80e124a0f2ba7d1
  SnapKit: e01d52ebb8ddbc333eefe2132acf85c8227d9c25

PODFILE CHECKSUM: 799ae5fb18788cd99f5189a4fbb282ff1023e20d

COCOAPODS: 1.16.2
