PODS:
  - CocoaSecurity (1.2.4)
  - CWStatusBarNotification (2.3.4)
  - XLPagerTabStrip (3.0.0)

DEPENDENCIES:
  - CocoaSecurity (~> 1.2.4)
  - CWStatusBarNotification (~> 2.3.4)
  - XLPagerTabStrip (~> 3.0)

SPEC CHECKSUMS:
  CocoaSecurity: d288a6f87e0f363823d2cb83e753814a6944f71a
  CWStatusBarNotification: 3fec41edcb0ae3677d9febfcb9632d8bdf52294c
  XLPagerTabStrip: 0f9f94246c84e7cb60a06ca435da68ac75c8b56e

PODFILE CHECKSUM: f9091161d1758c9c3df4919816ab0272aabb8a82

COCOAPODS: 1.0.1
