// !$*UTF8*$!
{
	archiveVersion = 1;
	classes = {
	};
	objectVersion = 54;
	objects = {

/* Begin PBXBuildFile section */
		23469BCD43F45D646CE6881C /* Pods_encodify.framework in Frameworks */ = {isa = PBXBuildFile; fileRef = 36B97F218ABA7C8CF4FAC419 /* Pods_encodify.framework */; };
		8938115FDBBD4E68E49CF863 /* Pods_encodifyTests.framework in Frameworks */ = {isa = PBXBuildFile; fileRef = 72870FCAFF746CB7407724C7 /* Pods_encodifyTests.framework */; };
		DF5D980C2DFC01F50048A2E8 /* AppCoordinator.swift in Sources */ = {isa = PBXBuildFile; fileRef = DF5D980B2DFC01F40048A2E8 /* AppCoordinator.swift */; };
		DF5D980E2DFC02000048A2E8 /* MainTabBarController.swift in Sources */ = {isa = PBXBuildFile; fileRef = DF5D980D2DFC02000048A2E8 /* MainTabBarController.swift */; };
		DF5D98102DFC03470048A2E8 /* SceneDelegate.swift in Sources */ = {isa = PBXBuildFile; fileRef = DF5D980F2DFC03470048A2E8 /* SceneDelegate.swift */; };
		DFA9A2992DFAC589005558F4 /* AppDelegate.swift in Sources */ = {isa = PBXBuildFile; fileRef = DFA9A2982DFAC589005558F4 /* AppDelegate.swift */; };
		DFA9A2F92DFAC665005558F4 /* Toast.swift in Sources */ = {isa = PBXBuildFile; fileRef = DFA9A2A42DFAC665005558F4 /* Toast.swift */; };
		DFA9A2FA2DFAC665005558F4 /* ImageDecodeViewController.swift in Sources */ = {isa = PBXBuildFile; fileRef = DFA9A2EC2DFAC665005558F4 /* ImageDecodeViewController.swift */; };
		DFA9A2FB2DFAC665005558F4 /* EncodeViewController.swift in Sources */ = {isa = PBXBuildFile; fileRef = DFA9A2B32DFAC665005558F4 /* EncodeViewController.swift */; };
		DFA9A2FD2DFAC665005558F4 /* EncodePagerViewController.swift in Sources */ = {isa = PBXBuildFile; fileRef = DFA9A2B22DFAC665005558F4 /* EncodePagerViewController.swift */; };
		DFA9A3012DFAC665005558F4 /* HashResultTableViewCell.swift in Sources */ = {isa = PBXBuildFile; fileRef = DFA9A2DF2DFAC665005558F4 /* HashResultTableViewCell.swift */; };
		DFA9A3042DFAC665005558F4 /* ImageEncodeViewController.swift in Sources */ = {isa = PBXBuildFile; fileRef = DFA9A2ED2DFAC665005558F4 /* ImageEncodeViewController.swift */; };
		DFA9A3062DFAC665005558F4 /* UtilitiesViewController.swift in Sources */ = {isa = PBXBuildFile; fileRef = DFA9A2EF2DFAC665005558F4 /* UtilitiesViewController.swift */; };
		DFA9A3092DFAC665005558F4 /* UtilityItem.swift in Sources */ = {isa = PBXBuildFile; fileRef = DFA9A2F42DFAC665005558F4 /* UtilityItem.swift */; };
		DFA9A30A2DFAC665005558F4 /* Base64Encoder.swift in Sources */ = {isa = PBXBuildFile; fileRef = DFA9A2B52DFAC665005558F4 /* Base64Encoder.swift */; };
		DFA9A30C2DFAC665005558F4 /* ImageViewController.swift in Sources */ = {isa = PBXBuildFile; fileRef = DFA9A2EE2DFAC665005558F4 /* ImageViewController.swift */; };
		DFA9A30F2DFAC665005558F4 /* EncodeBaseViewController.swift in Sources */ = {isa = PBXBuildFile; fileRef = DFA9A2B12DFAC665005558F4 /* EncodeBaseViewController.swift */; };
		DFA9A3102DFAC665005558F4 /* UnicodeEncoder.swift in Sources */ = {isa = PBXBuildFile; fileRef = DFA9A2B72DFAC665005558F4 /* UnicodeEncoder.swift */; };
		DFA9A3112DFAC665005558F4 /* MorseEncoder.swift in Sources */ = {isa = PBXBuildFile; fileRef = DFA9A2B62DFAC665005558F4 /* MorseEncoder.swift */; };
		DFA9A3132DFAC665005558F4 /* HashCalculator.swift in Sources */ = {isa = PBXBuildFile; fileRef = DFA9A2DA2DFAC665005558F4 /* HashCalculator.swift */; };
		DFA9A3142DFAC665005558F4 /* HashViewController.swift in Sources */ = {isa = PBXBuildFile; fileRef = DFA9A2D22DFAC665005558F4 /* HashViewController.swift */; };
		DFA9A3182DFAC665005558F4 /* DecodeViewController.swift in Sources */ = {isa = PBXBuildFile; fileRef = DFA9A2B02DFAC665005558F4 /* DecodeViewController.swift */; };
		DFA9A31D2DFAC665005558F4 /* URLEncoder.swift in Sources */ = {isa = PBXBuildFile; fileRef = DFA9A2B82DFAC665005558F4 /* URLEncoder.swift */; };
		DFA9A31F2DFAC665005558F4 /* UIColor+Helper.swift in Sources */ = {isa = PBXBuildFile; fileRef = DFA9A29D2DFAC665005558F4 /* UIColor+Helper.swift */; };
		DFC350C22DFBBC0300CAE299 /* Launch Screen.storyboard in Resources */ = {isa = PBXBuildFile; fileRef = DFC350C12DFBBC0300CAE299 /* Launch Screen.storyboard */; };
		DFF62F1D1D72E24A00BBE261 /* Assets.xcassets in Resources */ = {isa = PBXBuildFile; fileRef = DFF62F1C1D72E24A00BBE261 /* Assets.xcassets */; };
		DFF62F2B1D72E24B00BBE261 /* encodifyTests.m in Sources */ = {isa = PBXBuildFile; fileRef = DFF62F2A1D72E24B00BBE261 /* encodifyTests.m */; };
		DFF62F361D72E24B00BBE261 /* encodifyUITests.m in Sources */ = {isa = PBXBuildFile; fileRef = DFF62F351D72E24B00BBE261 /* encodifyUITests.m */; };
		F261F56D7B1D631B563245C2 /* Pods_encodifyUITests.framework in Frameworks */ = {isa = PBXBuildFile; fileRef = 846CA100B74EC3D3C492A103 /* Pods_encodifyUITests.framework */; };
/* End PBXBuildFile section */

/* Begin PBXContainerItemProxy section */
		DFF62F271D72E24B00BBE261 /* PBXContainerItemProxy */ = {
			isa = PBXContainerItemProxy;
			containerPortal = DFF62F051D72E24A00BBE261 /* Project object */;
			proxyType = 1;
			remoteGlobalIDString = DFF62F0C1D72E24A00BBE261;
			remoteInfo = encodify;
		};
		DFF62F321D72E24B00BBE261 /* PBXContainerItemProxy */ = {
			isa = PBXContainerItemProxy;
			containerPortal = DFF62F051D72E24A00BBE261 /* Project object */;
			proxyType = 1;
			remoteGlobalIDString = DFF62F0C1D72E24A00BBE261;
			remoteInfo = encodify;
		};
/* End PBXContainerItemProxy section */

/* Begin PBXFileReference section */
		35F5C1D1DF78B698717CEACD /* Pods-encodifyTests.debug.xcconfig */ = {isa = PBXFileReference; includeInIndex = 1; lastKnownFileType = text.xcconfig; name = "Pods-encodifyTests.debug.xcconfig"; path = "Target Support Files/Pods-encodifyTests/Pods-encodifyTests.debug.xcconfig"; sourceTree = "<group>"; };
		36B97F218ABA7C8CF4FAC419 /* Pods_encodify.framework */ = {isa = PBXFileReference; explicitFileType = wrapper.framework; includeInIndex = 0; path = Pods_encodify.framework; sourceTree = BUILT_PRODUCTS_DIR; };
		44B1B966AD1EF9090338E1B5 /* Pods-encodifyUITests.debug.xcconfig */ = {isa = PBXFileReference; includeInIndex = 1; lastKnownFileType = text.xcconfig; name = "Pods-encodifyUITests.debug.xcconfig"; path = "Target Support Files/Pods-encodifyUITests/Pods-encodifyUITests.debug.xcconfig"; sourceTree = "<group>"; };
		5ECEFDE5C92233F37C4B2476 /* Pods-encodify.debug.xcconfig */ = {isa = PBXFileReference; includeInIndex = 1; lastKnownFileType = text.xcconfig; name = "Pods-encodify.debug.xcconfig"; path = "Target Support Files/Pods-encodify/Pods-encodify.debug.xcconfig"; sourceTree = "<group>"; };
		72870FCAFF746CB7407724C7 /* Pods_encodifyTests.framework */ = {isa = PBXFileReference; explicitFileType = wrapper.framework; includeInIndex = 0; path = Pods_encodifyTests.framework; sourceTree = BUILT_PRODUCTS_DIR; };
		846CA100B74EC3D3C492A103 /* Pods_encodifyUITests.framework */ = {isa = PBXFileReference; explicitFileType = wrapper.framework; includeInIndex = 0; path = Pods_encodifyUITests.framework; sourceTree = BUILT_PRODUCTS_DIR; };
		85C9B1826E9C5635FC9CF4F6 /* Pods-encodifyUITests.release.xcconfig */ = {isa = PBXFileReference; includeInIndex = 1; lastKnownFileType = text.xcconfig; name = "Pods-encodifyUITests.release.xcconfig"; path = "Target Support Files/Pods-encodifyUITests/Pods-encodifyUITests.release.xcconfig"; sourceTree = "<group>"; };
		951C929FFC7930952F827D7E /* Pods-encodify.release.xcconfig */ = {isa = PBXFileReference; includeInIndex = 1; lastKnownFileType = text.xcconfig; name = "Pods-encodify.release.xcconfig"; path = "Target Support Files/Pods-encodify/Pods-encodify.release.xcconfig"; sourceTree = "<group>"; };
		BBAFF01DD2E644132C0A4E6C /* Pods-encodifyTests.release.xcconfig */ = {isa = PBXFileReference; includeInIndex = 1; lastKnownFileType = text.xcconfig; name = "Pods-encodifyTests.release.xcconfig"; path = "Target Support Files/Pods-encodifyTests/Pods-encodifyTests.release.xcconfig"; sourceTree = "<group>"; };
		DF5D980B2DFC01F40048A2E8 /* AppCoordinator.swift */ = {isa = PBXFileReference; lastKnownFileType = sourcecode.swift; path = AppCoordinator.swift; sourceTree = "<group>"; };
		DF5D980D2DFC02000048A2E8 /* MainTabBarController.swift */ = {isa = PBXFileReference; lastKnownFileType = sourcecode.swift; path = MainTabBarController.swift; sourceTree = "<group>"; };
		DF5D980F2DFC03470048A2E8 /* SceneDelegate.swift */ = {isa = PBXFileReference; lastKnownFileType = sourcecode.swift; path = SceneDelegate.swift; sourceTree = "<group>"; };
		DF917C991D7473EF00BAD51D /* libz.tbd */ = {isa = PBXFileReference; lastKnownFileType = "sourcecode.text-based-dylib-definition"; name = libz.tbd; path = usr/lib/libz.tbd; sourceTree = SDKROOT; };
		DFA9A2982DFAC589005558F4 /* AppDelegate.swift */ = {isa = PBXFileReference; lastKnownFileType = sourcecode.swift; path = AppDelegate.swift; sourceTree = "<group>"; };
		DFA9A29D2DFAC665005558F4 /* UIColor+Helper.swift */ = {isa = PBXFileReference; lastKnownFileType = sourcecode.swift; path = "UIColor+Helper.swift"; sourceTree = "<group>"; };
		DFA9A2A42DFAC665005558F4 /* Toast.swift */ = {isa = PBXFileReference; lastKnownFileType = sourcecode.swift; path = Toast.swift; sourceTree = "<group>"; };
		DFA9A2B02DFAC665005558F4 /* DecodeViewController.swift */ = {isa = PBXFileReference; lastKnownFileType = sourcecode.swift; path = DecodeViewController.swift; sourceTree = "<group>"; };
		DFA9A2B12DFAC665005558F4 /* EncodeBaseViewController.swift */ = {isa = PBXFileReference; lastKnownFileType = sourcecode.swift; path = EncodeBaseViewController.swift; sourceTree = "<group>"; };
		DFA9A2B22DFAC665005558F4 /* EncodePagerViewController.swift */ = {isa = PBXFileReference; lastKnownFileType = sourcecode.swift; path = EncodePagerViewController.swift; sourceTree = "<group>"; };
		DFA9A2B32DFAC665005558F4 /* EncodeViewController.swift */ = {isa = PBXFileReference; lastKnownFileType = sourcecode.swift; path = EncodeViewController.swift; sourceTree = "<group>"; };
		DFA9A2B52DFAC665005558F4 /* Base64Encoder.swift */ = {isa = PBXFileReference; lastKnownFileType = sourcecode.swift; path = Base64Encoder.swift; sourceTree = "<group>"; };
		DFA9A2B62DFAC665005558F4 /* MorseEncoder.swift */ = {isa = PBXFileReference; lastKnownFileType = sourcecode.swift; path = MorseEncoder.swift; sourceTree = "<group>"; };
		DFA9A2B72DFAC665005558F4 /* UnicodeEncoder.swift */ = {isa = PBXFileReference; lastKnownFileType = sourcecode.swift; path = UnicodeEncoder.swift; sourceTree = "<group>"; };
		DFA9A2B82DFAC665005558F4 /* URLEncoder.swift */ = {isa = PBXFileReference; lastKnownFileType = sourcecode.swift; path = URLEncoder.swift; sourceTree = "<group>"; };
		DFA9A2D22DFAC665005558F4 /* HashViewController.swift */ = {isa = PBXFileReference; lastKnownFileType = sourcecode.swift; path = HashViewController.swift; sourceTree = "<group>"; };
		DFA9A2DA2DFAC665005558F4 /* HashCalculator.swift */ = {isa = PBXFileReference; lastKnownFileType = sourcecode.swift; path = HashCalculator.swift; sourceTree = "<group>"; };
		DFA9A2DF2DFAC665005558F4 /* HashResultTableViewCell.swift */ = {isa = PBXFileReference; lastKnownFileType = sourcecode.swift; path = HashResultTableViewCell.swift; sourceTree = "<group>"; };
		DFA9A2EC2DFAC665005558F4 /* ImageDecodeViewController.swift */ = {isa = PBXFileReference; lastKnownFileType = sourcecode.swift; path = ImageDecodeViewController.swift; sourceTree = "<group>"; };
		DFA9A2ED2DFAC665005558F4 /* ImageEncodeViewController.swift */ = {isa = PBXFileReference; lastKnownFileType = sourcecode.swift; path = ImageEncodeViewController.swift; sourceTree = "<group>"; };
		DFA9A2EE2DFAC665005558F4 /* ImageViewController.swift */ = {isa = PBXFileReference; lastKnownFileType = sourcecode.swift; path = ImageViewController.swift; sourceTree = "<group>"; };
		DFA9A2EF2DFAC665005558F4 /* UtilitiesViewController.swift */ = {isa = PBXFileReference; lastKnownFileType = sourcecode.swift; path = UtilitiesViewController.swift; sourceTree = "<group>"; };
		DFA9A2F42DFAC665005558F4 /* UtilityItem.swift */ = {isa = PBXFileReference; lastKnownFileType = sourcecode.swift; path = UtilityItem.swift; sourceTree = "<group>"; };
		DFC350C12DFBBC0300CAE299 /* Launch Screen.storyboard */ = {isa = PBXFileReference; lastKnownFileType = file.storyboard; path = "Launch Screen.storyboard"; sourceTree = "<group>"; };
		DFF62F0D1D72E24A00BBE261 /* encodify.app */ = {isa = PBXFileReference; explicitFileType = wrapper.application; includeInIndex = 0; path = encodify.app; sourceTree = BUILT_PRODUCTS_DIR; };
		DFF62F1C1D72E24A00BBE261 /* Assets.xcassets */ = {isa = PBXFileReference; lastKnownFileType = folder.assetcatalog; path = Assets.xcassets; sourceTree = "<group>"; };
		DFF62F211D72E24A00BBE261 /* Info.plist */ = {isa = PBXFileReference; lastKnownFileType = text.plist.xml; path = Info.plist; sourceTree = "<group>"; };
		DFF62F261D72E24B00BBE261 /* encodifyTests.xctest */ = {isa = PBXFileReference; explicitFileType = wrapper.cfbundle; includeInIndex = 0; path = encodifyTests.xctest; sourceTree = BUILT_PRODUCTS_DIR; };
		DFF62F2A1D72E24B00BBE261 /* encodifyTests.m */ = {isa = PBXFileReference; lastKnownFileType = sourcecode.c.objc; path = encodifyTests.m; sourceTree = "<group>"; };
		DFF62F2C1D72E24B00BBE261 /* Info.plist */ = {isa = PBXFileReference; lastKnownFileType = text.plist.xml; path = Info.plist; sourceTree = "<group>"; };
		DFF62F311D72E24B00BBE261 /* encodifyUITests.xctest */ = {isa = PBXFileReference; explicitFileType = wrapper.cfbundle; includeInIndex = 0; path = encodifyUITests.xctest; sourceTree = BUILT_PRODUCTS_DIR; };
		DFF62F351D72E24B00BBE261 /* encodifyUITests.m */ = {isa = PBXFileReference; lastKnownFileType = sourcecode.c.objc; path = encodifyUITests.m; sourceTree = "<group>"; };
		DFF62F371D72E24B00BBE261 /* Info.plist */ = {isa = PBXFileReference; lastKnownFileType = text.plist.xml; path = Info.plist; sourceTree = "<group>"; };
/* End PBXFileReference section */

/* Begin PBXFrameworksBuildPhase section */
		DFF62F0A1D72E24A00BBE261 /* Frameworks */ = {
			isa = PBXFrameworksBuildPhase;
			buildActionMask = 2147483647;
			files = (
				23469BCD43F45D646CE6881C /* Pods_encodify.framework in Frameworks */,
			);
			runOnlyForDeploymentPostprocessing = 0;
		};
		DFF62F231D72E24B00BBE261 /* Frameworks */ = {
			isa = PBXFrameworksBuildPhase;
			buildActionMask = 2147483647;
			files = (
				8938115FDBBD4E68E49CF863 /* Pods_encodifyTests.framework in Frameworks */,
			);
			runOnlyForDeploymentPostprocessing = 0;
		};
		DFF62F2E1D72E24B00BBE261 /* Frameworks */ = {
			isa = PBXFrameworksBuildPhase;
			buildActionMask = 2147483647;
			files = (
				F261F56D7B1D631B563245C2 /* Pods_encodifyUITests.framework in Frameworks */,
			);
			runOnlyForDeploymentPostprocessing = 0;
		};
/* End PBXFrameworksBuildPhase section */

/* Begin PBXGroup section */
		2CFA8FC1E30226D897E6BE83 /* Pods */ = {
			isa = PBXGroup;
			children = (
				5ECEFDE5C92233F37C4B2476 /* Pods-encodify.debug.xcconfig */,
				951C929FFC7930952F827D7E /* Pods-encodify.release.xcconfig */,
				35F5C1D1DF78B698717CEACD /* Pods-encodifyTests.debug.xcconfig */,
				BBAFF01DD2E644132C0A4E6C /* Pods-encodifyTests.release.xcconfig */,
				44B1B966AD1EF9090338E1B5 /* Pods-encodifyUITests.debug.xcconfig */,
				85C9B1826E9C5635FC9CF4F6 /* Pods-encodifyUITests.release.xcconfig */,
			);
			path = Pods;
			sourceTree = "<group>";
		};
		9497B5A3A4EEB551D81931CB /* Frameworks */ = {
			isa = PBXGroup;
			children = (
				DF917C991D7473EF00BAD51D /* libz.tbd */,
				36B97F218ABA7C8CF4FAC419 /* Pods_encodify.framework */,
				72870FCAFF746CB7407724C7 /* Pods_encodifyTests.framework */,
				846CA100B74EC3D3C492A103 /* Pods_encodifyUITests.framework */,
			);
			name = Frameworks;
			sourceTree = "<group>";
		};
		DFA9A29E2DFAC665005558F4 /* Extensions */ = {
			isa = PBXGroup;
			children = (
				DFA9A29D2DFAC665005558F4 /* UIColor+Helper.swift */,
			);
			path = Extensions;
			sourceTree = "<group>";
		};
		DFA9A2A52DFAC665005558F4 /* Utils */ = {
			isa = PBXGroup;
			children = (
				DFA9A2A42DFAC665005558F4 /* Toast.swift */,
			);
			path = Utils;
			sourceTree = "<group>";
		};
		DFA9A2A62DFAC665005558F4 /* Base */ = {
			isa = PBXGroup;
			children = (
				DF5D980D2DFC02000048A2E8 /* MainTabBarController.swift */,
				DF5D980F2DFC03470048A2E8 /* SceneDelegate.swift */,
				DF5D980B2DFC01F40048A2E8 /* AppCoordinator.swift */,
				DFA9A29E2DFAC665005558F4 /* Extensions */,
				DFA9A2A52DFAC665005558F4 /* Utils */,
			);
			path = Base;
			sourceTree = "<group>";
		};
		DFA9A2B42DFAC665005558F4 /* Controllers */ = {
			isa = PBXGroup;
			children = (
				DFA9A2B02DFAC665005558F4 /* DecodeViewController.swift */,
				DFA9A2B12DFAC665005558F4 /* EncodeBaseViewController.swift */,
				DFA9A2B22DFAC665005558F4 /* EncodePagerViewController.swift */,
				DFA9A2B32DFAC665005558F4 /* EncodeViewController.swift */,
			);
			path = Controllers;
			sourceTree = "<group>";
		};
		DFA9A2B92DFAC665005558F4 /* Encoders */ = {
			isa = PBXGroup;
			children = (
				DFA9A2B52DFAC665005558F4 /* Base64Encoder.swift */,
				DFA9A2B62DFAC665005558F4 /* MorseEncoder.swift */,
				DFA9A2B72DFAC665005558F4 /* UnicodeEncoder.swift */,
				DFA9A2B82DFAC665005558F4 /* URLEncoder.swift */,
			);
			path = Encoders;
			sourceTree = "<group>";
		};
		DFA9A2CE2DFAC665005558F4 /* Encode */ = {
			isa = PBXGroup;
			children = (
				DFA9A2B42DFAC665005558F4 /* Controllers */,
				DFA9A2B92DFAC665005558F4 /* Encoders */,
			);
			path = Encode;
			sourceTree = "<group>";
		};
		DFA9A2D32DFAC665005558F4 /* Controllers */ = {
			isa = PBXGroup;
			children = (
				DFA9A2D22DFAC665005558F4 /* HashViewController.swift */,
			);
			path = Controllers;
			sourceTree = "<group>";
		};
		DFA9A2DB2DFAC665005558F4 /* Utils */ = {
			isa = PBXGroup;
			children = (
				DFA9A2DA2DFAC665005558F4 /* HashCalculator.swift */,
			);
			path = Utils;
			sourceTree = "<group>";
		};
		DFA9A2E02DFAC665005558F4 /* Views */ = {
			isa = PBXGroup;
			children = (
				DFA9A2DF2DFAC665005558F4 /* HashResultTableViewCell.swift */,
			);
			path = Views;
			sourceTree = "<group>";
		};
		DFA9A2E22DFAC665005558F4 /* Hash */ = {
			isa = PBXGroup;
			children = (
				DFA9A2D32DFAC665005558F4 /* Controllers */,
				DFA9A2DB2DFAC665005558F4 /* Utils */,
				DFA9A2E02DFAC665005558F4 /* Views */,
			);
			path = Hash;
			sourceTree = "<group>";
		};
		DFA9A2F02DFAC665005558F4 /* Controllers */ = {
			isa = PBXGroup;
			children = (
				DFA9A2EC2DFAC665005558F4 /* ImageDecodeViewController.swift */,
				DFA9A2ED2DFAC665005558F4 /* ImageEncodeViewController.swift */,
				DFA9A2EE2DFAC665005558F4 /* ImageViewController.swift */,
				DFA9A2EF2DFAC665005558F4 /* UtilitiesViewController.swift */,
			);
			path = Controllers;
			sourceTree = "<group>";
		};
		DFA9A2F52DFAC665005558F4 /* Models */ = {
			isa = PBXGroup;
			children = (
				DFA9A2F42DFAC665005558F4 /* UtilityItem.swift */,
			);
			path = Models;
			sourceTree = "<group>";
		};
		DFA9A2F62DFAC665005558F4 /* View */ = {
			isa = PBXGroup;
			children = (
			);
			path = View;
			sourceTree = "<group>";
		};
		DFA9A2F72DFAC665005558F4 /* Utilities */ = {
			isa = PBXGroup;
			children = (
				DFA9A2F02DFAC665005558F4 /* Controllers */,
				DFA9A2F52DFAC665005558F4 /* Models */,
				DFA9A2F62DFAC665005558F4 /* View */,
			);
			path = Utilities;
			sourceTree = "<group>";
		};
		DFA9A2F82DFAC665005558F4 /* Classes */ = {
			isa = PBXGroup;
			children = (
				DFA9A2A62DFAC665005558F4 /* Base */,
				DFA9A2CE2DFAC665005558F4 /* Encode */,
				DFA9A2E22DFAC665005558F4 /* Hash */,
				DFA9A2F72DFAC665005558F4 /* Utilities */,
			);
			path = Classes;
			sourceTree = "<group>";
		};
		DFF62F041D72E24A00BBE261 = {
			isa = PBXGroup;
			children = (
				DFF62F0F1D72E24A00BBE261 /* encodify */,
				DFF62F291D72E24B00BBE261 /* encodifyTests */,
				DFF62F341D72E24B00BBE261 /* encodifyUITests */,
				DFF62F0E1D72E24A00BBE261 /* Products */,
				9497B5A3A4EEB551D81931CB /* Frameworks */,
				2CFA8FC1E30226D897E6BE83 /* Pods */,
			);
			sourceTree = "<group>";
		};
		DFF62F0E1D72E24A00BBE261 /* Products */ = {
			isa = PBXGroup;
			children = (
				DFF62F0D1D72E24A00BBE261 /* encodify.app */,
				DFF62F261D72E24B00BBE261 /* encodifyTests.xctest */,
				DFF62F311D72E24B00BBE261 /* encodifyUITests.xctest */,
			);
			name = Products;
			sourceTree = "<group>";
		};
		DFF62F0F1D72E24A00BBE261 /* encodify */ = {
			isa = PBXGroup;
			children = (
				DFA9A2982DFAC589005558F4 /* AppDelegate.swift */,
				DFF62F1C1D72E24A00BBE261 /* Assets.xcassets */,
				DFC350C12DFBBC0300CAE299 /* Launch Screen.storyboard */,
				DFA9A2F82DFAC665005558F4 /* Classes */,
				DFF62F211D72E24A00BBE261 /* Info.plist */,
				DFF62F101D72E24A00BBE261 /* Supporting Files */,
			);
			path = encodify;
			sourceTree = "<group>";
		};
		DFF62F101D72E24A00BBE261 /* Supporting Files */ = {
			isa = PBXGroup;
			children = (
			);
			name = "Supporting Files";
			sourceTree = "<group>";
		};
		DFF62F291D72E24B00BBE261 /* encodifyTests */ = {
			isa = PBXGroup;
			children = (
				DFF62F2A1D72E24B00BBE261 /* encodifyTests.m */,
				DFF62F2C1D72E24B00BBE261 /* Info.plist */,
			);
			path = encodifyTests;
			sourceTree = "<group>";
		};
		DFF62F341D72E24B00BBE261 /* encodifyUITests */ = {
			isa = PBXGroup;
			children = (
				DFF62F351D72E24B00BBE261 /* encodifyUITests.m */,
				DFF62F371D72E24B00BBE261 /* Info.plist */,
			);
			path = encodifyUITests;
			sourceTree = "<group>";
		};
/* End PBXGroup section */

/* Begin PBXNativeTarget section */
		DFF62F0C1D72E24A00BBE261 /* encodify */ = {
			isa = PBXNativeTarget;
			buildConfigurationList = DFF62F3A1D72E24B00BBE261 /* Build configuration list for PBXNativeTarget "encodify" */;
			buildPhases = (
				FC25098F71BD188459E3AED2 /* [CP] Check Pods Manifest.lock */,
				DFF62F091D72E24A00BBE261 /* Sources */,
				DFF62F0A1D72E24A00BBE261 /* Frameworks */,
				DFF62F0B1D72E24A00BBE261 /* Resources */,
				C2222CB5D3F9B2E85A8A3BEE /* [CP] Embed Pods Frameworks */,
			);
			buildRules = (
			);
			dependencies = (
			);
			name = encodify;
			productName = encodify;
			productReference = DFF62F0D1D72E24A00BBE261 /* encodify.app */;
			productType = "com.apple.product-type.application";
		};
		DFF62F251D72E24B00BBE261 /* encodifyTests */ = {
			isa = PBXNativeTarget;
			buildConfigurationList = DFF62F3D1D72E24B00BBE261 /* Build configuration list for PBXNativeTarget "encodifyTests" */;
			buildPhases = (
				B4C9140D24BA5B2D8B407B27 /* [CP] Check Pods Manifest.lock */,
				DFF62F221D72E24B00BBE261 /* Sources */,
				DFF62F231D72E24B00BBE261 /* Frameworks */,
				DFF62F241D72E24B00BBE261 /* Resources */,
			);
			buildRules = (
			);
			dependencies = (
				DFF62F281D72E24B00BBE261 /* PBXTargetDependency */,
			);
			name = encodifyTests;
			productName = encodifyTests;
			productReference = DFF62F261D72E24B00BBE261 /* encodifyTests.xctest */;
			productType = "com.apple.product-type.bundle.unit-test";
		};
		DFF62F301D72E24B00BBE261 /* encodifyUITests */ = {
			isa = PBXNativeTarget;
			buildConfigurationList = DFF62F401D72E24B00BBE261 /* Build configuration list for PBXNativeTarget "encodifyUITests" */;
			buildPhases = (
				07B570439C63CE2C332D4BA3 /* [CP] Check Pods Manifest.lock */,
				DFF62F2D1D72E24B00BBE261 /* Sources */,
				DFF62F2E1D72E24B00BBE261 /* Frameworks */,
				DFF62F2F1D72E24B00BBE261 /* Resources */,
			);
			buildRules = (
			);
			dependencies = (
				DFF62F331D72E24B00BBE261 /* PBXTargetDependency */,
			);
			name = encodifyUITests;
			productName = encodifyUITests;
			productReference = DFF62F311D72E24B00BBE261 /* encodifyUITests.xctest */;
			productType = "com.apple.product-type.bundle.ui-testing";
		};
/* End PBXNativeTarget section */

/* Begin PBXProject section */
		DFF62F051D72E24A00BBE261 /* Project object */ = {
			isa = PBXProject;
			attributes = {
				BuildIndependentTargetsInParallel = YES;
				LastUpgradeCheck = 1630;
				ORGANIZATIONNAME = Tuccuay;
				TargetAttributes = {
					DFF62F0C1D72E24A00BBE261 = {
						CreatedOnToolsVersion = 7.3.1;
						DevelopmentTeam = VFKGMESA99;
						LastSwiftMigration = 1630;
					};
					DFF62F251D72E24B00BBE261 = {
						CreatedOnToolsVersion = 7.3.1;
						TestTargetID = DFF62F0C1D72E24A00BBE261;
					};
					DFF62F301D72E24B00BBE261 = {
						CreatedOnToolsVersion = 7.3.1;
						TestTargetID = DFF62F0C1D72E24A00BBE261;
					};
				};
			};
			buildConfigurationList = DFF62F081D72E24A00BBE261 /* Build configuration list for PBXProject "encodify" */;
			compatibilityVersion = "Xcode 3.2";
			developmentRegion = en;
			hasScannedForEncodings = 0;
			knownRegions = (
				en,
				Base,
			);
			mainGroup = DFF62F041D72E24A00BBE261;
			productRefGroup = DFF62F0E1D72E24A00BBE261 /* Products */;
			projectDirPath = "";
			projectRoot = "";
			targets = (
				DFF62F0C1D72E24A00BBE261 /* encodify */,
				DFF62F251D72E24B00BBE261 /* encodifyTests */,
				DFF62F301D72E24B00BBE261 /* encodifyUITests */,
			);
		};
/* End PBXProject section */

/* Begin PBXResourcesBuildPhase section */
		DFF62F0B1D72E24A00BBE261 /* Resources */ = {
			isa = PBXResourcesBuildPhase;
			buildActionMask = 2147483647;
			files = (
				DFC350C22DFBBC0300CAE299 /* Launch Screen.storyboard in Resources */,
				DFF62F1D1D72E24A00BBE261 /* Assets.xcassets in Resources */,
			);
			runOnlyForDeploymentPostprocessing = 0;
		};
		DFF62F241D72E24B00BBE261 /* Resources */ = {
			isa = PBXResourcesBuildPhase;
			buildActionMask = 2147483647;
			files = (
			);
			runOnlyForDeploymentPostprocessing = 0;
		};
		DFF62F2F1D72E24B00BBE261 /* Resources */ = {
			isa = PBXResourcesBuildPhase;
			buildActionMask = 2147483647;
			files = (
			);
			runOnlyForDeploymentPostprocessing = 0;
		};
/* End PBXResourcesBuildPhase section */

/* Begin PBXShellScriptBuildPhase section */
		07B570439C63CE2C332D4BA3 /* [CP] Check Pods Manifest.lock */ = {
			isa = PBXShellScriptBuildPhase;
			buildActionMask = 2147483647;
			files = (
			);
			inputFileListPaths = (
			);
			inputPaths = (
				"${PODS_PODFILE_DIR_PATH}/Podfile.lock",
				"${PODS_ROOT}/Manifest.lock",
			);
			name = "[CP] Check Pods Manifest.lock";
			outputFileListPaths = (
			);
			outputPaths = (
				"$(DERIVED_FILE_DIR)/Pods-encodifyUITests-checkManifestLockResult.txt",
			);
			runOnlyForDeploymentPostprocessing = 0;
			shellPath = /bin/sh;
			shellScript = "diff \"${PODS_PODFILE_DIR_PATH}/Podfile.lock\" \"${PODS_ROOT}/Manifest.lock\" > /dev/null\nif [ $? != 0 ] ; then\n    # print error to STDERR\n    echo \"error: The sandbox is not in sync with the Podfile.lock. Run 'pod install' or update your CocoaPods installation.\" >&2\n    exit 1\nfi\n# This output is used by Xcode 'outputs' to avoid re-running this script phase.\necho \"SUCCESS\" > \"${SCRIPT_OUTPUT_FILE_0}\"\n";
			showEnvVarsInLog = 0;
		};
		B4C9140D24BA5B2D8B407B27 /* [CP] Check Pods Manifest.lock */ = {
			isa = PBXShellScriptBuildPhase;
			buildActionMask = 2147483647;
			files = (
			);
			inputFileListPaths = (
			);
			inputPaths = (
				"${PODS_PODFILE_DIR_PATH}/Podfile.lock",
				"${PODS_ROOT}/Manifest.lock",
			);
			name = "[CP] Check Pods Manifest.lock";
			outputFileListPaths = (
			);
			outputPaths = (
				"$(DERIVED_FILE_DIR)/Pods-encodifyTests-checkManifestLockResult.txt",
			);
			runOnlyForDeploymentPostprocessing = 0;
			shellPath = /bin/sh;
			shellScript = "diff \"${PODS_PODFILE_DIR_PATH}/Podfile.lock\" \"${PODS_ROOT}/Manifest.lock\" > /dev/null\nif [ $? != 0 ] ; then\n    # print error to STDERR\n    echo \"error: The sandbox is not in sync with the Podfile.lock. Run 'pod install' or update your CocoaPods installation.\" >&2\n    exit 1\nfi\n# This output is used by Xcode 'outputs' to avoid re-running this script phase.\necho \"SUCCESS\" > \"${SCRIPT_OUTPUT_FILE_0}\"\n";
			showEnvVarsInLog = 0;
		};
		C2222CB5D3F9B2E85A8A3BEE /* [CP] Embed Pods Frameworks */ = {
			isa = PBXShellScriptBuildPhase;
			buildActionMask = 2147483647;
			files = (
			);
			inputPaths = (
				"${PODS_ROOT}/Target Support Files/Pods-encodify/Pods-encodify-frameworks.sh",
				"${BUILT_PRODUCTS_DIR}/CryptoSwift/CryptoSwift.framework",
				"${BUILT_PRODUCTS_DIR}/MarqueeLabel/MarqueeLabel.framework",
				"${BUILT_PRODUCTS_DIR}/NotificationBannerSwift/NotificationBannerSwift.framework",
				"${BUILT_PRODUCTS_DIR}/SnapKit/SnapKit.framework",
				"${BUILT_PRODUCTS_DIR}/XLPagerTabStrip/XLPagerTabStrip.framework",
			);
			name = "[CP] Embed Pods Frameworks";
			outputPaths = (
				"${TARGET_BUILD_DIR}/${FRAMEWORKS_FOLDER_PATH}/CryptoSwift.framework",
				"${TARGET_BUILD_DIR}/${FRAMEWORKS_FOLDER_PATH}/MarqueeLabel.framework",
				"${TARGET_BUILD_DIR}/${FRAMEWORKS_FOLDER_PATH}/NotificationBannerSwift.framework",
				"${TARGET_BUILD_DIR}/${FRAMEWORKS_FOLDER_PATH}/SnapKit.framework",
				"${TARGET_BUILD_DIR}/${FRAMEWORKS_FOLDER_PATH}/XLPagerTabStrip.framework",
			);
			runOnlyForDeploymentPostprocessing = 0;
			shellPath = /bin/sh;
			shellScript = "\"${PODS_ROOT}/Target Support Files/Pods-encodify/Pods-encodify-frameworks.sh\"\n";
			showEnvVarsInLog = 0;
		};
		FC25098F71BD188459E3AED2 /* [CP] Check Pods Manifest.lock */ = {
			isa = PBXShellScriptBuildPhase;
			buildActionMask = 2147483647;
			files = (
			);
			inputFileListPaths = (
			);
			inputPaths = (
				"${PODS_PODFILE_DIR_PATH}/Podfile.lock",
				"${PODS_ROOT}/Manifest.lock",
			);
			name = "[CP] Check Pods Manifest.lock";
			outputFileListPaths = (
			);
			outputPaths = (
				"$(DERIVED_FILE_DIR)/Pods-encodify-checkManifestLockResult.txt",
			);
			runOnlyForDeploymentPostprocessing = 0;
			shellPath = /bin/sh;
			shellScript = "diff \"${PODS_PODFILE_DIR_PATH}/Podfile.lock\" \"${PODS_ROOT}/Manifest.lock\" > /dev/null\nif [ $? != 0 ] ; then\n    # print error to STDERR\n    echo \"error: The sandbox is not in sync with the Podfile.lock. Run 'pod install' or update your CocoaPods installation.\" >&2\n    exit 1\nfi\n# This output is used by Xcode 'outputs' to avoid re-running this script phase.\necho \"SUCCESS\" > \"${SCRIPT_OUTPUT_FILE_0}\"\n";
			showEnvVarsInLog = 0;
		};
/* End PBXShellScriptBuildPhase section */

/* Begin PBXSourcesBuildPhase section */
		DFF62F091D72E24A00BBE261 /* Sources */ = {
			isa = PBXSourcesBuildPhase;
			buildActionMask = 2147483647;
			files = (
				DFA9A2992DFAC589005558F4 /* AppDelegate.swift in Sources */,
				DFA9A2F92DFAC665005558F4 /* Toast.swift in Sources */,
				DFA9A2FA2DFAC665005558F4 /* ImageDecodeViewController.swift in Sources */,
				DFA9A2FB2DFAC665005558F4 /* EncodeViewController.swift in Sources */,
				DFA9A2FD2DFAC665005558F4 /* EncodePagerViewController.swift in Sources */,
				DFA9A3012DFAC665005558F4 /* HashResultTableViewCell.swift in Sources */,
				DFA9A3042DFAC665005558F4 /* ImageEncodeViewController.swift in Sources */,
				DF5D98102DFC03470048A2E8 /* SceneDelegate.swift in Sources */,
				DFA9A3062DFAC665005558F4 /* UtilitiesViewController.swift in Sources */,
				DFA9A3092DFAC665005558F4 /* UtilityItem.swift in Sources */,
				DFA9A30A2DFAC665005558F4 /* Base64Encoder.swift in Sources */,
				DFA9A30C2DFAC665005558F4 /* ImageViewController.swift in Sources */,
				DFA9A30F2DFAC665005558F4 /* EncodeBaseViewController.swift in Sources */,
				DF5D980C2DFC01F50048A2E8 /* AppCoordinator.swift in Sources */,
				DFA9A3102DFAC665005558F4 /* UnicodeEncoder.swift in Sources */,
				DFA9A3112DFAC665005558F4 /* MorseEncoder.swift in Sources */,
				DFA9A3132DFAC665005558F4 /* HashCalculator.swift in Sources */,
				DFA9A3142DFAC665005558F4 /* HashViewController.swift in Sources */,
				DF5D980E2DFC02000048A2E8 /* MainTabBarController.swift in Sources */,
				DFA9A3182DFAC665005558F4 /* DecodeViewController.swift in Sources */,
				DFA9A31D2DFAC665005558F4 /* URLEncoder.swift in Sources */,
				DFA9A31F2DFAC665005558F4 /* UIColor+Helper.swift in Sources */,
			);
			runOnlyForDeploymentPostprocessing = 0;
		};
		DFF62F221D72E24B00BBE261 /* Sources */ = {
			isa = PBXSourcesBuildPhase;
			buildActionMask = 2147483647;
			files = (
				DFF62F2B1D72E24B00BBE261 /* encodifyTests.m in Sources */,
			);
			runOnlyForDeploymentPostprocessing = 0;
		};
		DFF62F2D1D72E24B00BBE261 /* Sources */ = {
			isa = PBXSourcesBuildPhase;
			buildActionMask = 2147483647;
			files = (
				DFF62F361D72E24B00BBE261 /* encodifyUITests.m in Sources */,
			);
			runOnlyForDeploymentPostprocessing = 0;
		};
/* End PBXSourcesBuildPhase section */

/* Begin PBXTargetDependency section */
		DFF62F281D72E24B00BBE261 /* PBXTargetDependency */ = {
			isa = PBXTargetDependency;
			target = DFF62F0C1D72E24A00BBE261 /* encodify */;
			targetProxy = DFF62F271D72E24B00BBE261 /* PBXContainerItemProxy */;
		};
		DFF62F331D72E24B00BBE261 /* PBXTargetDependency */ = {
			isa = PBXTargetDependency;
			target = DFF62F0C1D72E24A00BBE261 /* encodify */;
			targetProxy = DFF62F321D72E24B00BBE261 /* PBXContainerItemProxy */;
		};
/* End PBXTargetDependency section */

/* Begin XCBuildConfiguration section */
		DFF62F381D72E24B00BBE261 /* Debug */ = {
			isa = XCBuildConfiguration;
			buildSettings = {
				ALWAYS_SEARCH_USER_PATHS = NO;
				CLANG_ANALYZER_LOCALIZABILITY_NONLOCALIZED = YES;
				CLANG_ANALYZER_NONNULL = YES;
				CLANG_CXX_LANGUAGE_STANDARD = "gnu++0x";
				CLANG_CXX_LIBRARY = "libc++";
				CLANG_ENABLE_MODULES = YES;
				CLANG_ENABLE_OBJC_ARC = YES;
				CLANG_WARN_BLOCK_CAPTURE_AUTORELEASING = YES;
				CLANG_WARN_BOOL_CONVERSION = YES;
				CLANG_WARN_COMMA = YES;
				CLANG_WARN_CONSTANT_CONVERSION = YES;
				CLANG_WARN_DEPRECATED_OBJC_IMPLEMENTATIONS = YES;
				CLANG_WARN_DIRECT_OBJC_ISA_USAGE = YES_ERROR;
				CLANG_WARN_EMPTY_BODY = YES;
				CLANG_WARN_ENUM_CONVERSION = YES;
				CLANG_WARN_INFINITE_RECURSION = YES;
				CLANG_WARN_INT_CONVERSION = YES;
				CLANG_WARN_NON_LITERAL_NULL_CONVERSION = YES;
				CLANG_WARN_OBJC_IMPLICIT_RETAIN_SELF = YES;
				CLANG_WARN_OBJC_LITERAL_CONVERSION = YES;
				CLANG_WARN_OBJC_ROOT_CLASS = YES_ERROR;
				CLANG_WARN_QUOTED_INCLUDE_IN_FRAMEWORK_HEADER = YES;
				CLANG_WARN_RANGE_LOOP_ANALYSIS = YES;
				CLANG_WARN_STRICT_PROTOTYPES = YES;
				CLANG_WARN_SUSPICIOUS_MOVE = YES;
				CLANG_WARN_UNREACHABLE_CODE = YES;
				CLANG_WARN__DUPLICATE_METHOD_MATCH = YES;
				"CODE_SIGN_IDENTITY[sdk=iphoneos*]" = "iPhone Developer";
				COPY_PHASE_STRIP = NO;
				DEBUG_INFORMATION_FORMAT = dwarf;
				ENABLE_STRICT_OBJC_MSGSEND = YES;
				ENABLE_TESTABILITY = YES;
				ENABLE_USER_SCRIPT_SANDBOXING = YES;
				GCC_C_LANGUAGE_STANDARD = gnu99;
				GCC_DYNAMIC_NO_PIC = NO;
				GCC_NO_COMMON_BLOCKS = YES;
				GCC_OPTIMIZATION_LEVEL = 0;
				GCC_PREPROCESSOR_DEFINITIONS = (
					"DEBUG=1",
					"$(inherited)",
				);
				GCC_WARN_64_TO_32_BIT_CONVERSION = YES;
				GCC_WARN_ABOUT_RETURN_TYPE = YES_ERROR;
				GCC_WARN_UNDECLARED_SELECTOR = YES;
				GCC_WARN_UNINITIALIZED_AUTOS = YES_AGGRESSIVE;
				GCC_WARN_UNUSED_FUNCTION = YES;
				GCC_WARN_UNUSED_VARIABLE = YES;
				IPHONEOS_DEPLOYMENT_TARGET = 15.6;
				MTL_ENABLE_DEBUG_INFO = YES;
				ONLY_ACTIVE_ARCH = YES;
				SDKROOT = iphoneos;
				TARGETED_DEVICE_FAMILY = "1,2";
			};
			name = Debug;
		};
		DFF62F391D72E24B00BBE261 /* Release */ = {
			isa = XCBuildConfiguration;
			buildSettings = {
				ALWAYS_SEARCH_USER_PATHS = NO;
				CLANG_ANALYZER_LOCALIZABILITY_NONLOCALIZED = YES;
				CLANG_ANALYZER_NONNULL = YES;
				CLANG_CXX_LANGUAGE_STANDARD = "gnu++0x";
				CLANG_CXX_LIBRARY = "libc++";
				CLANG_ENABLE_MODULES = YES;
				CLANG_ENABLE_OBJC_ARC = YES;
				CLANG_WARN_BLOCK_CAPTURE_AUTORELEASING = YES;
				CLANG_WARN_BOOL_CONVERSION = YES;
				CLANG_WARN_COMMA = YES;
				CLANG_WARN_CONSTANT_CONVERSION = YES;
				CLANG_WARN_DEPRECATED_OBJC_IMPLEMENTATIONS = YES;
				CLANG_WARN_DIRECT_OBJC_ISA_USAGE = YES_ERROR;
				CLANG_WARN_EMPTY_BODY = YES;
				CLANG_WARN_ENUM_CONVERSION = YES;
				CLANG_WARN_INFINITE_RECURSION = YES;
				CLANG_WARN_INT_CONVERSION = YES;
				CLANG_WARN_NON_LITERAL_NULL_CONVERSION = YES;
				CLANG_WARN_OBJC_IMPLICIT_RETAIN_SELF = YES;
				CLANG_WARN_OBJC_LITERAL_CONVERSION = YES;
				CLANG_WARN_OBJC_ROOT_CLASS = YES_ERROR;
				CLANG_WARN_QUOTED_INCLUDE_IN_FRAMEWORK_HEADER = YES;
				CLANG_WARN_RANGE_LOOP_ANALYSIS = YES;
				CLANG_WARN_STRICT_PROTOTYPES = YES;
				CLANG_WARN_SUSPICIOUS_MOVE = YES;
				CLANG_WARN_UNREACHABLE_CODE = YES;
				CLANG_WARN__DUPLICATE_METHOD_MATCH = YES;
				"CODE_SIGN_IDENTITY[sdk=iphoneos*]" = "iPhone Developer";
				COPY_PHASE_STRIP = NO;
				DEBUG_INFORMATION_FORMAT = "dwarf-with-dsym";
				ENABLE_NS_ASSERTIONS = NO;
				ENABLE_STRICT_OBJC_MSGSEND = YES;
				ENABLE_USER_SCRIPT_SANDBOXING = YES;
				GCC_C_LANGUAGE_STANDARD = gnu99;
				GCC_NO_COMMON_BLOCKS = YES;
				GCC_WARN_64_TO_32_BIT_CONVERSION = YES;
				GCC_WARN_ABOUT_RETURN_TYPE = YES_ERROR;
				GCC_WARN_UNDECLARED_SELECTOR = YES;
				GCC_WARN_UNINITIALIZED_AUTOS = YES_AGGRESSIVE;
				GCC_WARN_UNUSED_FUNCTION = YES;
				GCC_WARN_UNUSED_VARIABLE = YES;
				IPHONEOS_DEPLOYMENT_TARGET = 15.6;
				MTL_ENABLE_DEBUG_INFO = NO;
				SDKROOT = iphoneos;
				SWIFT_COMPILATION_MODE = wholemodule;
				TARGETED_DEVICE_FAMILY = "1,2";
				VALIDATE_PRODUCT = YES;
			};
			name = Release;
		};
		DFF62F3B1D72E24B00BBE261 /* Debug */ = {
			isa = XCBuildConfiguration;
			baseConfigurationReference = 5ECEFDE5C92233F37C4B2476 /* Pods-encodify.debug.xcconfig */;
			buildSettings = {
				ASSETCATALOG_COMPILER_APPICON_NAME = AppIcon;
				CLANG_ENABLE_MODULES = YES;
				DEVELOPMENT_TEAM = VFKGMESA99;
				ENABLE_USER_SCRIPT_SANDBOXING = NO;
				INFOPLIST_FILE = encodify/Info.plist;
				IPHONEOS_DEPLOYMENT_TARGET = 15.6;
				LD_RUNPATH_SEARCH_PATHS = (
					"$(inherited)",
					"@executable_path/Frameworks",
				);
				PRODUCT_BUNDLE_IDENTIFIER = com.tuccuay.encodify;
				PRODUCT_NAME = "$(TARGET_NAME)";
				SWIFT_OPTIMIZATION_LEVEL = "-Onone";
				SWIFT_VERSION = 6.0;
			};
			name = Debug;
		};
		DFF62F3C1D72E24B00BBE261 /* Release */ = {
			isa = XCBuildConfiguration;
			baseConfigurationReference = 951C929FFC7930952F827D7E /* Pods-encodify.release.xcconfig */;
			buildSettings = {
				ASSETCATALOG_COMPILER_APPICON_NAME = AppIcon;
				CLANG_ENABLE_MODULES = YES;
				DEVELOPMENT_TEAM = VFKGMESA99;
				ENABLE_USER_SCRIPT_SANDBOXING = NO;
				INFOPLIST_FILE = encodify/Info.plist;
				IPHONEOS_DEPLOYMENT_TARGET = 15.6;
				LD_RUNPATH_SEARCH_PATHS = (
					"$(inherited)",
					"@executable_path/Frameworks",
				);
				PRODUCT_BUNDLE_IDENTIFIER = com.tuccuay.encodify;
				PRODUCT_NAME = "$(TARGET_NAME)";
				SWIFT_VERSION = 6.0;
			};
			name = Release;
		};
		DFF62F3E1D72E24B00BBE261 /* Debug */ = {
			isa = XCBuildConfiguration;
			baseConfigurationReference = 35F5C1D1DF78B698717CEACD /* Pods-encodifyTests.debug.xcconfig */;
			buildSettings = {
				BUNDLE_LOADER = "$(TEST_HOST)";
				INFOPLIST_FILE = encodifyTests/Info.plist;
				IPHONEOS_DEPLOYMENT_TARGET = 15.6;
				LD_RUNPATH_SEARCH_PATHS = (
					"$(inherited)",
					"@executable_path/Frameworks",
					"@loader_path/Frameworks",
				);
				PRODUCT_BUNDLE_IDENTIFIER = com.tuccuay.encodifyTests;
				PRODUCT_NAME = "$(TARGET_NAME)";
				TEST_HOST = "$(BUILT_PRODUCTS_DIR)/encodify.app/encodify";
			};
			name = Debug;
		};
		DFF62F3F1D72E24B00BBE261 /* Release */ = {
			isa = XCBuildConfiguration;
			baseConfigurationReference = BBAFF01DD2E644132C0A4E6C /* Pods-encodifyTests.release.xcconfig */;
			buildSettings = {
				BUNDLE_LOADER = "$(TEST_HOST)";
				INFOPLIST_FILE = encodifyTests/Info.plist;
				IPHONEOS_DEPLOYMENT_TARGET = 15.6;
				LD_RUNPATH_SEARCH_PATHS = (
					"$(inherited)",
					"@executable_path/Frameworks",
					"@loader_path/Frameworks",
				);
				PRODUCT_BUNDLE_IDENTIFIER = com.tuccuay.encodifyTests;
				PRODUCT_NAME = "$(TARGET_NAME)";
				TEST_HOST = "$(BUILT_PRODUCTS_DIR)/encodify.app/encodify";
			};
			name = Release;
		};
		DFF62F411D72E24B00BBE261 /* Debug */ = {
			isa = XCBuildConfiguration;
			baseConfigurationReference = 44B1B966AD1EF9090338E1B5 /* Pods-encodifyUITests.debug.xcconfig */;
			buildSettings = {
				INFOPLIST_FILE = encodifyUITests/Info.plist;
				IPHONEOS_DEPLOYMENT_TARGET = 15.6;
				LD_RUNPATH_SEARCH_PATHS = (
					"$(inherited)",
					"@executable_path/Frameworks",
					"@loader_path/Frameworks",
				);
				PRODUCT_BUNDLE_IDENTIFIER = com.tuccuay.encodifyUITests;
				PRODUCT_NAME = "$(TARGET_NAME)";
				TEST_TARGET_NAME = encodify;
			};
			name = Debug;
		};
		DFF62F421D72E24B00BBE261 /* Release */ = {
			isa = XCBuildConfiguration;
			baseConfigurationReference = 85C9B1826E9C5635FC9CF4F6 /* Pods-encodifyUITests.release.xcconfig */;
			buildSettings = {
				INFOPLIST_FILE = encodifyUITests/Info.plist;
				IPHONEOS_DEPLOYMENT_TARGET = 15.6;
				LD_RUNPATH_SEARCH_PATHS = (
					"$(inherited)",
					"@executable_path/Frameworks",
					"@loader_path/Frameworks",
				);
				PRODUCT_BUNDLE_IDENTIFIER = com.tuccuay.encodifyUITests;
				PRODUCT_NAME = "$(TARGET_NAME)";
				TEST_TARGET_NAME = encodify;
			};
			name = Release;
		};
/* End XCBuildConfiguration section */

/* Begin XCConfigurationList section */
		DFF62F081D72E24A00BBE261 /* Build configuration list for PBXProject "encodify" */ = {
			isa = XCConfigurationList;
			buildConfigurations = (
				DFF62F381D72E24B00BBE261 /* Debug */,
				DFF62F391D72E24B00BBE261 /* Release */,
			);
			defaultConfigurationIsVisible = 0;
			defaultConfigurationName = Release;
		};
		DFF62F3A1D72E24B00BBE261 /* Build configuration list for PBXNativeTarget "encodify" */ = {
			isa = XCConfigurationList;
			buildConfigurations = (
				DFF62F3B1D72E24B00BBE261 /* Debug */,
				DFF62F3C1D72E24B00BBE261 /* Release */,
			);
			defaultConfigurationIsVisible = 0;
			defaultConfigurationName = Release;
		};
		DFF62F3D1D72E24B00BBE261 /* Build configuration list for PBXNativeTarget "encodifyTests" */ = {
			isa = XCConfigurationList;
			buildConfigurations = (
				DFF62F3E1D72E24B00BBE261 /* Debug */,
				DFF62F3F1D72E24B00BBE261 /* Release */,
			);
			defaultConfigurationIsVisible = 0;
			defaultConfigurationName = Release;
		};
		DFF62F401D72E24B00BBE261 /* Build configuration list for PBXNativeTarget "encodifyUITests" */ = {
			isa = XCConfigurationList;
			buildConfigurations = (
				DFF62F411D72E24B00BBE261 /* Debug */,
				DFF62F421D72E24B00BBE261 /* Release */,
			);
			defaultConfigurationIsVisible = 0;
			defaultConfigurationName = Release;
		};
/* End XCConfigurationList section */
	};
	rootObject = DFF62F051D72E24A00BBE261 /* Project object */;
}
